
Microsoft Visual Studio Solution File, Format Version 12.00
# Visual Studio Version 16
VisualStudioVersion = 16.0.30011.22
MinimumVisualStudioVersion = 10.0.40219.1
Project("{FAE04EC0-301F-11D3-BF4B-00C04F79EFBC}") = "TimerEvents", "TimerEvents.csproj", "{B51680E3-BD09-450C-B4B8-79CAAB3ACA93}"
EndProject
Global
	GlobalSection(SolutionConfigurationPlatforms) = preSolution
		Debug|Any CPU = Debug|Any CPU
		Release|Any CPU = Release|Any CPU
	EndGlobalSection
	GlobalSection(ProjectConfigurationPlatforms) = postSolution
		{B51680E3-BD09-450C-B4B8-79CAAB3ACA93}.Debug|Any CPU.ActiveCfg = Debug|Any CPU
		{B51680E3-BD09-450C-B4B8-79CAAB3ACA93}.Debug|Any CPU.Build.0 = Debug|Any CPU
		{B51680E3-BD09-450C-B4B8-79CAAB3ACA93}.Release|Any CPU.ActiveCfg = Release|Any CPU
		{B51680E3-BD09-450C-B4B8-79CAAB3ACA93}.Release|Any CPU.Build.0 = Release|Any CPU
	EndGlobalSection
	GlobalSection(SolutionProperties) = preSolution
		HideSolutionNode = FALSE
	EndGlobalSection
	GlobalSection(ExtensibilityGlobals) = postSolution
		SolutionGuid = {661E9FF5-3EF0-4214-94F3-B3E7F8ACC883}
	EndGlobalSection
EndGlobal
