
Microsoft Visual Studio Solution File, Format Version 12.00
# Visual Studio Version 16
VisualStudioVersion = 16.0.30011.22
MinimumVisualStudioVersion = 10.0.40219.1
Project("{FAE04EC0-301F-11D3-BF4B-00C04F79EFBC}") = "icr.List-Value-Types", "icr.List-Value-Types.csproj", "{37BD9CC8-BD1D-422C-AFDF-D392FA53B58A}"
EndProject
Global
	GlobalSection(SolutionConfigurationPlatforms) = preSolution
		Debug|Any CPU = Debug|Any CPU
		Release|Any CPU = Release|Any CPU
	EndGlobalSection
	GlobalSection(ProjectConfigurationPlatforms) = postSolution
		{37BD9CC8-BD1D-422C-AFDF-D392FA53B58A}.Debug|Any CPU.ActiveCfg = Debug|Any CPU
		{37BD9CC8-BD1D-422C-AFDF-D392FA53B58A}.Debug|Any CPU.Build.0 = Debug|Any CPU
		{37BD9CC8-BD1D-422C-AFDF-D392FA53B58A}.Release|Any CPU.ActiveCfg = Release|Any CPU
		{37BD9CC8-BD1D-422C-AFDF-D392FA53B58A}.Release|Any CPU.Build.0 = Release|Any CPU
	EndGlobalSection
	GlobalSection(SolutionProperties) = preSolution
		HideSolutionNode = FALSE
	EndGlobalSection
	GlobalSection(ExtensibilityGlobals) = postSolution
		SolutionGuid = {606A62C0-8A53-47EB-AF60-0AE331CFE6A9}
	EndGlobalSection
EndGlobal
