
Microsoft Visual Studio Solution File, Format Version 12.00
# Visual Studio Version 16
VisualStudioVersion = 16.0.30011.22
MinimumVisualStudioVersion = 10.0.40219.1
Project("{FAE04EC0-301F-11D3-BF4B-00C04F79EFBC}") = "Проверка неявного преобразования", "Проверка неявного преобразования.csproj", "{BF58C728-D65C-4236-AF72-52B7B5200162}"
EndProject
Global
	GlobalSection(SolutionConfigurationPlatforms) = preSolution
		Debug|Any CPU = Debug|Any CPU
		Release|Any CPU = Release|Any CPU
	EndGlobalSection
	GlobalSection(ProjectConfigurationPlatforms) = postSolution
		{BF58C728-D65C-4236-AF72-52B7B5200162}.Debug|Any CPU.ActiveCfg = Debug|Any CPU
		{BF58C728-D65C-4236-AF72-52B7B5200162}.Debug|Any CPU.Build.0 = Debug|Any CPU
		{BF58C728-D65C-4236-AF72-52B7B5200162}.Release|Any CPU.ActiveCfg = Release|Any CPU
		{BF58C728-D65C-4236-AF72-52B7B5200162}.Release|Any CPU.Build.0 = Release|Any CPU
	EndGlobalSection
	GlobalSection(SolutionProperties) = preSolution
		HideSolutionNode = FALSE
	EndGlobalSection
	GlobalSection(ExtensibilityGlobals) = postSolution
		SolutionGuid = {F9B264BC-22DF-4965-BC57-3663EC80ED2A}
	EndGlobalSection
EndGlobal
